
Microsoft Visual Studio Solution File, Format Version 12.00
# Visual Studio Version 17
VisualStudioVersion = 17.7.34031.279
MinimumVisualStudioVersion = 10.0.40219.1
Project("{FAE04EC0-301F-11D3-BF4B-00C04F79EFBC}") = "GreetingApp", "GreetingApp\GreetingApp.csproj", "{E18A613E-8CE8-4B4A-B9BE-4E4D10D8ADE8}"
EndProject
Global
	GlobalSection(SolutionConfigurationPlatforms) = preSolution
		Debug|Any CPU = Debug|Any CPU
		Release|Any CPU = Release|Any CPU
	EndGlobalSection
	GlobalSection(ProjectConfigurationPlatforms) = postSolution
		{E18A613E-8CE8-4B4A-B9BE-4E4D10D8ADE8}.Debug|Any CPU.ActiveCfg = Debug|Any CPU
		{E18A613E-8CE8-4B4A-B9BE-4E4D10D8ADE8}.Debug|Any CPU.Build.0 = Debug|Any CPU
		{E18A613E-8CE8-4B4A-B9BE-4E4D10D8ADE8}.Release|Any CPU.ActiveCfg = Release|Any CPU
		{E18A613E-8CE8-4B4A-B9BE-4E4D10D8ADE8}.Release|Any CPU.Build.0 = Release|Any CPU
	EndGlobalSection
	GlobalSection(SolutionProperties) = preSolution
		HideSolutionNode = FALSE
	EndGlobalSection
	GlobalSection(ExtensibilityGlobals) = postSolution
		SolutionGuid = {45121D1F-5BF2-4964-8F30-198339BD7DDE}
	EndGlobalSection
EndGlobal
